
Microsoft Visual Studio Solution File, Format Version 12.00
# Visual Studio 15
VisualStudioVersion = 15.0.28307.1831
MinimumVisualStudioVersion = 10.0.40219.1
Project("{FAE04EC0-301F-11D3-BF4B-00C04F79EFBC}") = "RcdOperation", "RcdOperation\RcdOperation.csproj", "{DCBB671D-5E3D-4247-80C6-4849A6B1F443}"
EndProject
Project("{FAE04EC0-301F-11D3-BF4B-00C04F79EFBC}") = "RcdDao", "RcdDao\RcdDao.csproj", "{D74E586A-2BC7-4131-8ADB-2789011F58EA}"
EndProject
Project("{FAE04EC0-301F-11D3-BF4B-00C04F79EFBC}") = "RcdCmn", "RcdCmn\RcdCmn.csproj", "{263F15FD-8197-4727-B443-C66F40C40337}"
EndProject
Project("{FAE04EC0-301F-11D3-BF4B-00C04F79EFBC}") = "CommWrapper", "CommWrapper\CommWrapper.csproj", "{3D7D34B6-F7DC-4B20-B785-ADD9E386E659}"
EndProject
Project("{FAE04EC0-301F-11D3-BF4B-00C04F79EFBC}") = "RcdManagement", "RcdManagement\RcdManagement.csproj", "{E4D76916-AB77-4E50-AF9A-DA26953CB516}"
EndProject
Project("{FAE04EC0-301F-11D3-BF4B-00C04F79EFBC}") = "AtrptShare", "AtrptShare\AtrptShare.csproj", "{B3417F9B-3D1C-4525-B706-D1F4AE30F558}"
EndProject
Project("{FAE04EC0-301F-11D3-BF4B-00C04F79EFBC}") = "AtrptCalc", "AtrptCalc\AtrptCalc.csproj", "{027D4A52-90DF-47CE-ADAD-12559D1BC44C}"
EndProject
Project("{FAE04EC0-301F-11D3-BF4B-00C04F79EFBC}") = "RcdOperationSystemConst", "RcdOperationSystemConst\RcdOperationSystemConst.csproj", "{BCE55796-5D9A-4D5A-A27B-EAEA14765851}"
EndProject
Project("{FAE04EC0-301F-11D3-BF4B-00C04F79EFBC}") = "MapViewer", "MapViewer\MapViewer.csproj", "{3D9E0C25-2ECD-4832-BD11-AE12778F6423}"
EndProject
Project("{FAE04EC0-301F-11D3-BF4B-00C04F79EFBC}") = "RcdTablet", "RcdTablet\RcdTablet.csproj", "{70443D24-F09F-4FF3-A07B-9EA1559B5B41}"
EndProject
Global
	GlobalSection(SubversionScc) = preSolution
		Svn-Managed = True
		Manager = AnkhSVN - Subversion Support for Visual Studio
	EndGlobalSection
	GlobalSection(SolutionConfigurationPlatforms) = preSolution
		11|Any CPU = 11|Any CPU
		11|x64 = 11|x64
		11|x86 = 11|x86
		Debug|Any CPU = Debug|Any CPU
		Debug|x64 = Debug|x64
		Debug|x86 = Debug|x86
		Release|Any CPU = Release|Any CPU
		Release|x64 = Release|x64
		Release|x86 = Release|x86
	EndGlobalSection
	GlobalSection(ProjectConfigurationPlatforms) = postSolution
		{DCBB671D-5E3D-4247-80C6-4849A6B1F443}.11|Any CPU.ActiveCfg = Release|Any CPU
		{DCBB671D-5E3D-4247-80C6-4849A6B1F443}.11|Any CPU.Build.0 = Release|Any CPU
		{DCBB671D-5E3D-4247-80C6-4849A6B1F443}.11|x64.ActiveCfg = Release|Any CPU
		{DCBB671D-5E3D-4247-80C6-4849A6B1F443}.11|x64.Build.0 = Release|Any CPU
		{DCBB671D-5E3D-4247-80C6-4849A6B1F443}.11|x86.ActiveCfg = Release|Any CPU
		{DCBB671D-5E3D-4247-80C6-4849A6B1F443}.11|x86.Build.0 = Release|Any CPU
		{DCBB671D-5E3D-4247-80C6-4849A6B1F443}.Debug|Any CPU.ActiveCfg = Debug|Any CPU
		{DCBB671D-5E3D-4247-80C6-4849A6B1F443}.Debug|Any CPU.Build.0 = Debug|Any CPU
		{DCBB671D-5E3D-4247-80C6-4849A6B1F443}.Debug|x64.ActiveCfg = Debug|Any CPU
		{DCBB671D-5E3D-4247-80C6-4849A6B1F443}.Debug|x64.Build.0 = Debug|Any CPU
		{DCBB671D-5E3D-4247-80C6-4849A6B1F443}.Debug|x86.ActiveCfg = Debug|Any CPU
		{DCBB671D-5E3D-4247-80C6-4849A6B1F443}.Debug|x86.Build.0 = Debug|Any CPU
		{DCBB671D-5E3D-4247-80C6-4849A6B1F443}.Release|Any CPU.ActiveCfg = Release|Any CPU
		{DCBB671D-5E3D-4247-80C6-4849A6B1F443}.Release|Any CPU.Build.0 = Release|Any CPU
		{DCBB671D-5E3D-4247-80C6-4849A6B1F443}.Release|x64.ActiveCfg = Release|Any CPU
		{DCBB671D-5E3D-4247-80C6-4849A6B1F443}.Release|x64.Build.0 = Release|Any CPU
		{DCBB671D-5E3D-4247-80C6-4849A6B1F443}.Release|x86.ActiveCfg = Release|Any CPU
		{DCBB671D-5E3D-4247-80C6-4849A6B1F443}.Release|x86.Build.0 = Release|Any CPU
		{D74E586A-2BC7-4131-8ADB-2789011F58EA}.11|Any CPU.ActiveCfg = Release|Any CPU
		{D74E586A-2BC7-4131-8ADB-2789011F58EA}.11|Any CPU.Build.0 = Release|Any CPU
		{D74E586A-2BC7-4131-8ADB-2789011F58EA}.11|x64.ActiveCfg = Release|Any CPU
		{D74E586A-2BC7-4131-8ADB-2789011F58EA}.11|x64.Build.0 = Release|Any CPU
		{D74E586A-2BC7-4131-8ADB-2789011F58EA}.11|x86.ActiveCfg = Release|Any CPU
		{D74E586A-2BC7-4131-8ADB-2789011F58EA}.11|x86.Build.0 = Release|Any CPU
		{D74E586A-2BC7-4131-8ADB-2789011F58EA}.Debug|Any CPU.ActiveCfg = Debug|Any CPU
		{D74E586A-2BC7-4131-8ADB-2789011F58EA}.Debug|Any CPU.Build.0 = Debug|Any CPU
		{D74E586A-2BC7-4131-8ADB-2789011F58EA}.Debug|x64.ActiveCfg = Debug|Any CPU
		{D74E586A-2BC7-4131-8ADB-2789011F58EA}.Debug|x64.Build.0 = Debug|Any CPU
		{D74E586A-2BC7-4131-8ADB-2789011F58EA}.Debug|x86.ActiveCfg = Debug|Any CPU
		{D74E586A-2BC7-4131-8ADB-2789011F58EA}.Debug|x86.Build.0 = Debug|Any CPU
		{D74E586A-2BC7-4131-8ADB-2789011F58EA}.Release|Any CPU.ActiveCfg = Release|Any CPU
		{D74E586A-2BC7-4131-8ADB-2789011F58EA}.Release|Any CPU.Build.0 = Release|Any CPU
		{D74E586A-2BC7-4131-8ADB-2789011F58EA}.Release|x64.ActiveCfg = Release|Any CPU
		{D74E586A-2BC7-4131-8ADB-2789011F58EA}.Release|x64.Build.0 = Release|Any CPU
		{D74E586A-2BC7-4131-8ADB-2789011F58EA}.Release|x86.ActiveCfg = Release|Any CPU
		{D74E586A-2BC7-4131-8ADB-2789011F58EA}.Release|x86.Build.0 = Release|Any CPU
		{263F15FD-8197-4727-B443-C66F40C40337}.11|Any CPU.ActiveCfg = Release|Any CPU
		{263F15FD-8197-4727-B443-C66F40C40337}.11|Any CPU.Build.0 = Release|Any CPU
		{263F15FD-8197-4727-B443-C66F40C40337}.11|x64.ActiveCfg = Release|Any CPU
		{263F15FD-8197-4727-B443-C66F40C40337}.11|x64.Build.0 = Release|Any CPU
		{263F15FD-8197-4727-B443-C66F40C40337}.11|x86.ActiveCfg = Release|Any CPU
		{263F15FD-8197-4727-B443-C66F40C40337}.11|x86.Build.0 = Release|Any CPU
		{263F15FD-8197-4727-B443-C66F40C40337}.Debug|Any CPU.ActiveCfg = Debug|Any CPU
		{263F15FD-8197-4727-B443-C66F40C40337}.Debug|Any CPU.Build.0 = Debug|Any CPU
		{263F15FD-8197-4727-B443-C66F40C40337}.Debug|x64.ActiveCfg = Debug|Any CPU
		{263F15FD-8197-4727-B443-C66F40C40337}.Debug|x64.Build.0 = Debug|Any CPU
		{263F15FD-8197-4727-B443-C66F40C40337}.Debug|x86.ActiveCfg = Debug|Any CPU
		{263F15FD-8197-4727-B443-C66F40C40337}.Debug|x86.Build.0 = Debug|Any CPU
		{263F15FD-8197-4727-B443-C66F40C40337}.Release|Any CPU.ActiveCfg = Release|Any CPU
		{263F15FD-8197-4727-B443-C66F40C40337}.Release|Any CPU.Build.0 = Release|Any CPU
		{263F15FD-8197-4727-B443-C66F40C40337}.Release|x64.ActiveCfg = Release|Any CPU
		{263F15FD-8197-4727-B443-C66F40C40337}.Release|x64.Build.0 = Release|Any CPU
		{263F15FD-8197-4727-B443-C66F40C40337}.Release|x86.ActiveCfg = Release|Any CPU
		{263F15FD-8197-4727-B443-C66F40C40337}.Release|x86.Build.0 = Release|Any CPU
		{3D7D34B6-F7DC-4B20-B785-ADD9E386E659}.11|Any CPU.ActiveCfg = Release|Any CPU
		{3D7D34B6-F7DC-4B20-B785-ADD9E386E659}.11|Any CPU.Build.0 = Release|Any CPU
		{3D7D34B6-F7DC-4B20-B785-ADD9E386E659}.11|x64.ActiveCfg = Release|Any CPU
		{3D7D34B6-F7DC-4B20-B785-ADD9E386E659}.11|x64.Build.0 = Release|Any CPU
		{3D7D34B6-F7DC-4B20-B785-ADD9E386E659}.11|x86.ActiveCfg = Release|Any CPU
		{3D7D34B6-F7DC-4B20-B785-ADD9E386E659}.11|x86.Build.0 = Release|Any CPU
		{3D7D34B6-F7DC-4B20-B785-ADD9E386E659}.Debug|Any CPU.ActiveCfg = Debug|Any CPU
		{3D7D34B6-F7DC-4B20-B785-ADD9E386E659}.Debug|Any CPU.Build.0 = Debug|Any CPU
		{3D7D34B6-F7DC-4B20-B785-ADD9E386E659}.Debug|x64.ActiveCfg = Debug|Any CPU
		{3D7D34B6-F7DC-4B20-B785-ADD9E386E659}.Debug|x64.Build.0 = Debug|Any CPU
		{3D7D34B6-F7DC-4B20-B785-ADD9E386E659}.Debug|x86.ActiveCfg = Debug|Any CPU
		{3D7D34B6-F7DC-4B20-B785-ADD9E386E659}.Debug|x86.Build.0 = Debug|Any CPU
		{3D7D34B6-F7DC-4B20-B785-ADD9E386E659}.Release|Any CPU.ActiveCfg = Release|Any CPU
		{3D7D34B6-F7DC-4B20-B785-ADD9E386E659}.Release|Any CPU.Build.0 = Release|Any CPU
		{3D7D34B6-F7DC-4B20-B785-ADD9E386E659}.Release|x64.ActiveCfg = Release|Any CPU
		{3D7D34B6-F7DC-4B20-B785-ADD9E386E659}.Release|x64.Build.0 = Release|Any CPU
		{3D7D34B6-F7DC-4B20-B785-ADD9E386E659}.Release|x86.ActiveCfg = Release|Any CPU
		{3D7D34B6-F7DC-4B20-B785-ADD9E386E659}.Release|x86.Build.0 = Release|Any CPU
		{E4D76916-AB77-4E50-AF9A-DA26953CB516}.11|Any CPU.ActiveCfg = Release|Any CPU
		{E4D76916-AB77-4E50-AF9A-DA26953CB516}.11|Any CPU.Build.0 = Release|Any CPU
		{E4D76916-AB77-4E50-AF9A-DA26953CB516}.11|x64.ActiveCfg = Release|Any CPU
		{E4D76916-AB77-4E50-AF9A-DA26953CB516}.11|x64.Build.0 = Release|Any CPU
		{E4D76916-AB77-4E50-AF9A-DA26953CB516}.11|x86.ActiveCfg = Release|Any CPU
		{E4D76916-AB77-4E50-AF9A-DA26953CB516}.11|x86.Build.0 = Release|Any CPU
		{E4D76916-AB77-4E50-AF9A-DA26953CB516}.Debug|Any CPU.ActiveCfg = Debug|Any CPU
		{E4D76916-AB77-4E50-AF9A-DA26953CB516}.Debug|Any CPU.Build.0 = Debug|Any CPU
		{E4D76916-AB77-4E50-AF9A-DA26953CB516}.Debug|x64.ActiveCfg = Debug|Any CPU
		{E4D76916-AB77-4E50-AF9A-DA26953CB516}.Debug|x64.Build.0 = Debug|Any CPU
		{E4D76916-AB77-4E50-AF9A-DA26953CB516}.Debug|x86.ActiveCfg = Debug|Any CPU
		{E4D76916-AB77-4E50-AF9A-DA26953CB516}.Debug|x86.Build.0 = Debug|Any CPU
		{E4D76916-AB77-4E50-AF9A-DA26953CB516}.Release|Any CPU.ActiveCfg = Release|Any CPU
		{E4D76916-AB77-4E50-AF9A-DA26953CB516}.Release|Any CPU.Build.0 = Release|Any CPU
		{E4D76916-AB77-4E50-AF9A-DA26953CB516}.Release|x64.ActiveCfg = Release|Any CPU
		{E4D76916-AB77-4E50-AF9A-DA26953CB516}.Release|x64.Build.0 = Release|Any CPU
		{E4D76916-AB77-4E50-AF9A-DA26953CB516}.Release|x86.ActiveCfg = Release|Any CPU
		{E4D76916-AB77-4E50-AF9A-DA26953CB516}.Release|x86.Build.0 = Release|Any CPU
		{B3417F9B-3D1C-4525-B706-D1F4AE30F558}.11|Any CPU.ActiveCfg = Release|Any CPU
		{B3417F9B-3D1C-4525-B706-D1F4AE30F558}.11|Any CPU.Build.0 = Release|Any CPU
		{B3417F9B-3D1C-4525-B706-D1F4AE30F558}.11|x64.ActiveCfg = Release|Any CPU
		{B3417F9B-3D1C-4525-B706-D1F4AE30F558}.11|x64.Build.0 = Release|Any CPU
		{B3417F9B-3D1C-4525-B706-D1F4AE30F558}.11|x86.ActiveCfg = Release|Any CPU
		{B3417F9B-3D1C-4525-B706-D1F4AE30F558}.11|x86.Build.0 = Release|Any CPU
		{B3417F9B-3D1C-4525-B706-D1F4AE30F558}.Debug|Any CPU.ActiveCfg = Debug|Any CPU
		{B3417F9B-3D1C-4525-B706-D1F4AE30F558}.Debug|Any CPU.Build.0 = Debug|Any CPU
		{B3417F9B-3D1C-4525-B706-D1F4AE30F558}.Debug|x64.ActiveCfg = Debug|Any CPU
		{B3417F9B-3D1C-4525-B706-D1F4AE30F558}.Debug|x64.Build.0 = Debug|Any CPU
		{B3417F9B-3D1C-4525-B706-D1F4AE30F558}.Debug|x86.ActiveCfg = Debug|Any CPU
		{B3417F9B-3D1C-4525-B706-D1F4AE30F558}.Debug|x86.Build.0 = Debug|Any CPU
		{B3417F9B-3D1C-4525-B706-D1F4AE30F558}.Release|Any CPU.ActiveCfg = Release|Any CPU
		{B3417F9B-3D1C-4525-B706-D1F4AE30F558}.Release|Any CPU.Build.0 = Release|Any CPU
		{B3417F9B-3D1C-4525-B706-D1F4AE30F558}.Release|x64.ActiveCfg = Release|Any CPU
		{B3417F9B-3D1C-4525-B706-D1F4AE30F558}.Release|x64.Build.0 = Release|Any CPU
		{B3417F9B-3D1C-4525-B706-D1F4AE30F558}.Release|x86.ActiveCfg = Release|Any CPU
		{B3417F9B-3D1C-4525-B706-D1F4AE30F558}.Release|x86.Build.0 = Release|Any CPU
		{027D4A52-90DF-47CE-ADAD-12559D1BC44C}.11|Any CPU.ActiveCfg = Release|Any CPU
		{027D4A52-90DF-47CE-ADAD-12559D1BC44C}.11|Any CPU.Build.0 = Release|Any CPU
		{027D4A52-90DF-47CE-ADAD-12559D1BC44C}.11|x64.ActiveCfg = Release|Any CPU
		{027D4A52-90DF-47CE-ADAD-12559D1BC44C}.11|x64.Build.0 = Release|Any CPU
		{027D4A52-90DF-47CE-ADAD-12559D1BC44C}.11|x86.ActiveCfg = Release|Any CPU
		{027D4A52-90DF-47CE-ADAD-12559D1BC44C}.11|x86.Build.0 = Release|Any CPU
		{027D4A52-90DF-47CE-ADAD-12559D1BC44C}.Debug|Any CPU.ActiveCfg = Debug|Any CPU
		{027D4A52-90DF-47CE-ADAD-12559D1BC44C}.Debug|Any CPU.Build.0 = Debug|Any CPU
		{027D4A52-90DF-47CE-ADAD-12559D1BC44C}.Debug|x64.ActiveCfg = Debug|Any CPU
		{027D4A52-90DF-47CE-ADAD-12559D1BC44C}.Debug|x64.Build.0 = Debug|Any CPU
		{027D4A52-90DF-47CE-ADAD-12559D1BC44C}.Debug|x86.ActiveCfg = Debug|Any CPU
		{027D4A52-90DF-47CE-ADAD-12559D1BC44C}.Debug|x86.Build.0 = Debug|Any CPU
		{027D4A52-90DF-47CE-ADAD-12559D1BC44C}.Release|Any CPU.ActiveCfg = Release|Any CPU
		{027D4A52-90DF-47CE-ADAD-12559D1BC44C}.Release|Any CPU.Build.0 = Release|Any CPU
		{027D4A52-90DF-47CE-ADAD-12559D1BC44C}.Release|x64.ActiveCfg = Release|Any CPU
		{027D4A52-90DF-47CE-ADAD-12559D1BC44C}.Release|x64.Build.0 = Release|Any CPU
		{027D4A52-90DF-47CE-ADAD-12559D1BC44C}.Release|x86.ActiveCfg = Release|Any CPU
		{027D4A52-90DF-47CE-ADAD-12559D1BC44C}.Release|x86.Build.0 = Release|Any CPU
		{BCE55796-5D9A-4D5A-A27B-EAEA14765851}.11|Any CPU.ActiveCfg = Release|Any CPU
		{BCE55796-5D9A-4D5A-A27B-EAEA14765851}.11|Any CPU.Build.0 = Release|Any CPU
		{BCE55796-5D9A-4D5A-A27B-EAEA14765851}.11|x64.ActiveCfg = Release|Any CPU
		{BCE55796-5D9A-4D5A-A27B-EAEA14765851}.11|x64.Build.0 = Release|Any CPU
		{BCE55796-5D9A-4D5A-A27B-EAEA14765851}.11|x86.ActiveCfg = Release|Any CPU
		{BCE55796-5D9A-4D5A-A27B-EAEA14765851}.11|x86.Build.0 = Release|Any CPU
		{BCE55796-5D9A-4D5A-A27B-EAEA14765851}.Debug|Any CPU.ActiveCfg = Debug|Any CPU
		{BCE55796-5D9A-4D5A-A27B-EAEA14765851}.Debug|Any CPU.Build.0 = Debug|Any CPU
		{BCE55796-5D9A-4D5A-A27B-EAEA14765851}.Debug|x64.ActiveCfg = Debug|Any CPU
		{BCE55796-5D9A-4D5A-A27B-EAEA14765851}.Debug|x64.Build.0 = Debug|Any CPU
		{BCE55796-5D9A-4D5A-A27B-EAEA14765851}.Debug|x86.ActiveCfg = Debug|Any CPU
		{BCE55796-5D9A-4D5A-A27B-EAEA14765851}.Debug|x86.Build.0 = Debug|Any CPU
		{BCE55796-5D9A-4D5A-A27B-EAEA14765851}.Release|Any CPU.ActiveCfg = Release|Any CPU
		{BCE55796-5D9A-4D5A-A27B-EAEA14765851}.Release|Any CPU.Build.0 = Release|Any CPU
		{BCE55796-5D9A-4D5A-A27B-EAEA14765851}.Release|x64.ActiveCfg = Release|Any CPU
		{BCE55796-5D9A-4D5A-A27B-EAEA14765851}.Release|x64.Build.0 = Release|Any CPU
		{BCE55796-5D9A-4D5A-A27B-EAEA14765851}.Release|x86.ActiveCfg = Release|Any CPU
		{BCE55796-5D9A-4D5A-A27B-EAEA14765851}.Release|x86.Build.0 = Release|Any CPU
		{3D9E0C25-2ECD-4832-BD11-AE12778F6423}.11|Any CPU.ActiveCfg = 11|Any CPU
		{3D9E0C25-2ECD-4832-BD11-AE12778F6423}.11|Any CPU.Build.0 = 11|Any CPU
		{3D9E0C25-2ECD-4832-BD11-AE12778F6423}.11|x64.ActiveCfg = 11|Any CPU
		{3D9E0C25-2ECD-4832-BD11-AE12778F6423}.11|x64.Build.0 = 11|Any CPU
		{3D9E0C25-2ECD-4832-BD11-AE12778F6423}.11|x86.ActiveCfg = 11|Any CPU
		{3D9E0C25-2ECD-4832-BD11-AE12778F6423}.11|x86.Build.0 = 11|Any CPU
		{3D9E0C25-2ECD-4832-BD11-AE12778F6423}.Debug|Any CPU.ActiveCfg = Debug|Any CPU
		{3D9E0C25-2ECD-4832-BD11-AE12778F6423}.Debug|Any CPU.Build.0 = Debug|Any CPU
		{3D9E0C25-2ECD-4832-BD11-AE12778F6423}.Debug|x64.ActiveCfg = Debug|Any CPU
		{3D9E0C25-2ECD-4832-BD11-AE12778F6423}.Debug|x64.Build.0 = Debug|Any CPU
		{3D9E0C25-2ECD-4832-BD11-AE12778F6423}.Debug|x86.ActiveCfg = Debug|Any CPU
		{3D9E0C25-2ECD-4832-BD11-AE12778F6423}.Debug|x86.Build.0 = Debug|Any CPU
		{3D9E0C25-2ECD-4832-BD11-AE12778F6423}.Release|Any CPU.ActiveCfg = Release|Any CPU
		{3D9E0C25-2ECD-4832-BD11-AE12778F6423}.Release|Any CPU.Build.0 = Release|Any CPU
		{3D9E0C25-2ECD-4832-BD11-AE12778F6423}.Release|x64.ActiveCfg = Release|Any CPU
		{3D9E0C25-2ECD-4832-BD11-AE12778F6423}.Release|x64.Build.0 = Release|Any CPU
		{3D9E0C25-2ECD-4832-BD11-AE12778F6423}.Release|x86.ActiveCfg = Release|Any CPU
		{3D9E0C25-2ECD-4832-BD11-AE12778F6423}.Release|x86.Build.0 = Release|Any CPU
		{70443D24-F09F-4FF3-A07B-9EA1559B5B41}.11|Any CPU.ActiveCfg = Release|Any CPU
		{70443D24-F09F-4FF3-A07B-9EA1559B5B41}.11|Any CPU.Build.0 = Release|Any CPU
		{70443D24-F09F-4FF3-A07B-9EA1559B5B41}.11|x64.ActiveCfg = Release|Any CPU
		{70443D24-F09F-4FF3-A07B-9EA1559B5B41}.11|x64.Build.0 = Release|Any CPU
		{70443D24-F09F-4FF3-A07B-9EA1559B5B41}.11|x86.ActiveCfg = Release|Any CPU
		{70443D24-F09F-4FF3-A07B-9EA1559B5B41}.11|x86.Build.0 = Release|Any CPU
		{70443D24-F09F-4FF3-A07B-9EA1559B5B41}.Debug|Any CPU.ActiveCfg = Debug|Any CPU
		{70443D24-F09F-4FF3-A07B-9EA1559B5B41}.Debug|Any CPU.Build.0 = Debug|Any CPU
		{70443D24-F09F-4FF3-A07B-9EA1559B5B41}.Debug|x64.ActiveCfg = Debug|Any CPU
		{70443D24-F09F-4FF3-A07B-9EA1559B5B41}.Debug|x64.Build.0 = Debug|Any CPU
		{70443D24-F09F-4FF3-A07B-9EA1559B5B41}.Debug|x86.ActiveCfg = Debug|Any CPU
		{70443D24-F09F-4FF3-A07B-9EA1559B5B41}.Debug|x86.Build.0 = Debug|Any CPU
		{70443D24-F09F-4FF3-A07B-9EA1559B5B41}.Release|Any CPU.ActiveCfg = Release|Any CPU
		{70443D24-F09F-4FF3-A07B-9EA1559B5B41}.Release|Any CPU.Build.0 = Release|Any CPU
		{70443D24-F09F-4FF3-A07B-9EA1559B5B41}.Release|x64.ActiveCfg = Release|Any CPU
		{70443D24-F09F-4FF3-A07B-9EA1559B5B41}.Release|x64.Build.0 = Release|Any CPU
		{70443D24-F09F-4FF3-A07B-9EA1559B5B41}.Release|x86.ActiveCfg = Release|Any CPU
		{70443D24-F09F-4FF3-A07B-9EA1559B5B41}.Release|x86.Build.0 = Release|Any CPU
	EndGlobalSection
	GlobalSection(SolutionProperties) = preSolution
		HideSolutionNode = FALSE
	EndGlobalSection
	GlobalSection(ExtensibilityGlobals) = postSolution
		SolutionGuid = {284EB19A-C841-4435-AFEB-B081FFCE7573}
	EndGlobalSection
EndGlobal
